// !$*UTF8*$!
{
	archiveVersion = 1;
	classes = {
	};
	objectVersion = 50;
	objects = {

/* Begin PBXBuildFile section */
		EC238279242282A4005749F9 /* CalculatorButtonItem.swift in Sources */ = {isa = PBXBuildFile; fileRef = EC238278242282A4005749F9 /* CalculatorButtonItem.swift */; };
		EC5B115124227AE70008D9DA /* AppDelegate.swift in Sources */ = {isa = PBXBuildFile; fileRef = EC5B115024227AE70008D9DA /* AppDelegate.swift */; };
		EC5B115324227AE70008D9DA /* SceneDelegate.swift in Sources */ = {isa = PBXBuildFile; fileRef = EC5B115224227AE70008D9DA /* SceneDelegate.swift */; };
		EC5B115524227AE70008D9DA /* ContentView.swift in Sources */ = {isa = PBXBuildFile; fileRef = EC5B115424227AE70008D9DA /* ContentView.swift */; };
		EC5B115724227AEA0008D9DA /* Assets.xcassets in Resources */ = {isa = PBXBuildFile; fileRef = EC5B115624227AEA0008D9DA /* Assets.xcassets */; };
		EC5B115A24227AEA0008D9DA /* Preview Assets.xcassets in Resources */ = {isa = PBXBuildFile; fileRef = EC5B115924227AEA0008D9DA /* Preview Assets.xcassets */; };
		EC5B115D24227AEA0008D9DA /* LaunchScreen.storyboard in Resources */ = {isa = PBXBuildFile; fileRef = EC5B115B24227AEA0008D9DA /* LaunchScreen.storyboard */; };
		EC5B116824227AEA0008D9DA /* HelloWorldTests.swift in Sources */ = {isa = PBXBuildFile; fileRef = EC5B116724227AEA0008D9DA /* HelloWorldTests.swift */; };
		EC5B117324227AEA0008D9DA /* HelloWorldUITests.swift in Sources */ = {isa = PBXBuildFile; fileRef = EC5B117224227AEA0008D9DA /* HelloWorldUITests.swift */; };
/* End PBXBuildFile section */

/* Begin PBXContainerItemProxy section */
		EC5B116424227AEA0008D9DA /* PBXContainerItemProxy */ = {
			isa = PBXContainerItemProxy;
			containerPortal = EC5B114524227AE70008D9DA /* Project object */;
			proxyType = 1;
			remoteGlobalIDString = EC5B114C24227AE70008D9DA;
			remoteInfo = HelloWorld;
		};
		EC5B116F24227AEA0008D9DA /* PBXContainerItemProxy */ = {
			isa = PBXContainerItemProxy;
			containerPortal = EC5B114524227AE70008D9DA /* Project object */;
			proxyType = 1;
			remoteGlobalIDString = EC5B114C24227AE70008D9DA;
			remoteInfo = HelloWorld;
		};
/* End PBXContainerItemProxy section */

/* Begin PBXFileReference section */
		EC238278242282A4005749F9 /* CalculatorButtonItem.swift */ = {isa = PBXFileReference; lastKnownFileType = sourcecode.swift; path = CalculatorButtonItem.swift; sourceTree = "<group>"; };
		EC5B114D24227AE70008D9DA /* HelloWorld.app */ = {isa = PBXFileReference; explicitFileType = wrapper.application; includeInIndex = 0; path = HelloWorld.app; sourceTree = BUILT_PRODUCTS_DIR; };
		EC5B115024227AE70008D9DA /* AppDelegate.swift */ = {isa = PBXFileReference; lastKnownFileType = sourcecode.swift; path = AppDelegate.swift; sourceTree = "<group>"; };
		EC5B115224227AE70008D9DA /* SceneDelegate.swift */ = {isa = PBXFileReference; lastKnownFileType = sourcecode.swift; path = SceneDelegate.swift; sourceTree = "<group>"; };
		EC5B115424227AE70008D9DA /* ContentView.swift */ = {isa = PBXFileReference; lastKnownFileType = sourcecode.swift; path = ContentView.swift; sourceTree = "<group>"; };
		EC5B115624227AEA0008D9DA /* Assets.xcassets */ = {isa = PBXFileReference; lastKnownFileType = folder.assetcatalog; path = Assets.xcassets; sourceTree = "<group>"; };
		EC5B115924227AEA0008D9DA /* Preview Assets.xcassets */ = {isa = PBXFileReference; lastKnownFileType = folder.assetcatalog; path = "Preview Assets.xcassets"; sourceTree = "<group>"; };
		EC5B115C24227AEA0008D9DA /* Base */ = {isa = PBXFileReference; lastKnownFileType = file.storyboard; name = Base; path = Base.lproj/LaunchScreen.storyboard; sourceTree = "<group>"; };
		EC5B115E24227AEA0008D9DA /* Info.plist */ = {isa = PBXFileReference; lastKnownFileType = text.plist.xml; path = Info.plist; sourceTree = "<group>"; };
		EC5B116324227AEA0008D9DA /* HelloWorldTests.xctest */ = {isa = PBXFileReference; explicitFileType = wrapper.cfbundle; includeInIndex = 0; path = HelloWorldTests.xctest; sourceTree = BUILT_PRODUCTS_DIR; };
		EC5B116724227AEA0008D9DA /* HelloWorldTests.swift */ = {isa = PBXFileReference; lastKnownFileType = sourcecode.swift; path = HelloWorldTests.swift; sourceTree = "<group>"; };
		EC5B116924227AEA0008D9DA /* Info.plist */ = {isa = PBXFileReference; lastKnownFileType = text.plist.xml; path = Info.plist; sourceTree = "<group>"; };
		EC5B116E24227AEA0008D9DA /* HelloWorldUITests.xctest */ = {isa = PBXFileReference; explicitFileType = wrapper.cfbundle; includeInIndex = 0; path = HelloWorldUITests.xctest; sourceTree = BUILT_PRODUCTS_DIR; };
		EC5B117224227AEA0008D9DA /* HelloWorldUITests.swift */ = {isa = PBXFileReference; lastKnownFileType = sourcecode.swift; path = HelloWorldUITests.swift; sourceTree = "<group>"; };
		EC5B117424227AEA0008D9DA /* Info.plist */ = {isa = PBXFileReference; lastKnownFileType = text.plist.xml; path = Info.plist; sourceTree = "<group>"; };
/* End PBXFileReference section */

/* Begin PBXFrameworksBuildPhase section */
		EC5B114A24227AE70008D9DA /* Frameworks */ = {
			isa = PBXFrameworksBuildPhase;
			buildActionMask = 2147483647;
			files = (
			);
			runOnlyForDeploymentPostprocessing = 0;
		};
		EC5B116024227AEA0008D9DA /* Frameworks */ = {
			isa = PBXFrameworksBuildPhase;
			buildActionMask = 2147483647;
			files = (
			);
			runOnlyForDeploymentPostprocessing = 0;
		};
		EC5B116B24227AEA0008D9DA /* Frameworks */ = {
			isa = PBXFrameworksBuildPhase;
			buildActionMask = 2147483647;
			files = (
			);
			runOnlyForDeploymentPostprocessing = 0;
		};
/* End PBXFrameworksBuildPhase section */

/* Begin PBXGroup section */
		EC5B114424227AE70008D9DA = {
			isa = PBXGroup;
			children = (
				EC5B114F24227AE70008D9DA /* HelloWorld */,
				EC5B116624227AEA0008D9DA /* HelloWorldTests */,
				EC5B117124227AEA0008D9DA /* HelloWorldUITests */,
				EC5B114E24227AE70008D9DA /* Products */,
			);
			sourceTree = "<group>";
		};
		EC5B114E24227AE70008D9DA /* Products */ = {
			isa = PBXGroup;
			children = (
				EC5B114D24227AE70008D9DA /* HelloWorld.app */,
				EC5B116324227AEA0008D9DA /* HelloWorldTests.xctest */,
				EC5B116E24227AEA0008D9DA /* HelloWorldUITests.xctest */,
			);
			name = Products;
			sourceTree = "<group>";
		};
		EC5B114F24227AE70008D9DA /* HelloWorld */ = {
			isa = PBXGroup;
			children = (
				EC5B115024227AE70008D9DA /* AppDelegate.swift */,
				EC5B115224227AE70008D9DA /* SceneDelegate.swift */,
				EC5B115424227AE70008D9DA /* ContentView.swift */,
				EC5B115624227AEA0008D9DA /* Assets.xcassets */,
				EC5B115B24227AEA0008D9DA /* LaunchScreen.storyboard */,
				EC5B115E24227AEA0008D9DA /* Info.plist */,
				EC5B115824227AEA0008D9DA /* Preview Content */,
				EC238278242282A4005749F9 /* CalculatorButtonItem.swift */,
			);
			path = HelloWorld;
			sourceTree = "<group>";
		};
		EC5B115824227AEA0008D9DA /* Preview Content */ = {
			isa = PBXGroup;
			children = (
				EC5B115924227AEA0008D9DA /* Preview Assets.xcassets */,
			);
			path = "Preview Content";
			sourceTree = "<group>";
		};
		EC5B116624227AEA0008D9DA /* HelloWorldTests */ = {
			isa = PBXGroup;
			children = (
				EC5B116724227AEA0008D9DA /* HelloWorldTests.swift */,
				EC5B116924227AEA0008D9DA /* Info.plist */,
			);
			path = HelloWorldTests;
			sourceTree = "<group>";
		};
		EC5B117124227AEA0008D9DA /* HelloWorldUITests */ = {
			isa = PBXGroup;
			children = (
				EC5B117224227AEA0008D9DA /* HelloWorldUITests.swift */,
				EC5B117424227AEA0008D9DA /* Info.plist */,
			);
			path = HelloWorldUITests;
			sourceTree = "<group>";
		};
/* End PBXGroup section */

/* Begin PBXNativeTarget section */
		EC5B114C24227AE70008D9DA /* HelloWorld */ = {
			isa = PBXNativeTarget;
			buildConfigurationList = EC5B117724227AEA0008D9DA /* Build configuration list for PBXNativeTarget "HelloWorld" */;
			buildPhases = (
				EC5B114924227AE70008D9DA /* Sources */,
				EC5B114A24227AE70008D9DA /* Frameworks */,
				EC5B114B24227AE70008D9DA /* Resources */,
			);
			buildRules = (
			);
			dependencies = (
			);
			name = HelloWorld;
			productName = HelloWorld;
			productReference = EC5B114D24227AE70008D9DA /* HelloWorld.app */;
			productType = "com.apple.product-type.application";
		};
		EC5B116224227AEA0008D9DA /* HelloWorldTests */ = {
			isa = PBXNativeTarget;
			buildConfigurationList = EC5B117A24227AEA0008D9DA /* Build configuration list for PBXNativeTarget "HelloWorldTests" */;
			buildPhases = (
				EC5B115F24227AEA0008D9DA /* Sources */,
				EC5B116024227AEA0008D9DA /* Frameworks */,
				EC5B116124227AEA0008D9DA /* Resources */,
			);
			buildRules = (
			);
			dependencies = (
				EC5B116524227AEA0008D9DA /* PBXTargetDependency */,
			);
			name = HelloWorldTests;
			productName = HelloWorldTests;
			productReference = EC5B116324227AEA0008D9DA /* HelloWorldTests.xctest */;
			productType = "com.apple.product-type.bundle.unit-test";
		};
		EC5B116D24227AEA0008D9DA /* HelloWorldUITests */ = {
			isa = PBXNativeTarget;
			buildConfigurationList = EC5B117D24227AEA0008D9DA /* Build configuration list for PBXNativeTarget "HelloWorldUITests" */;
			buildPhases = (
				EC5B116A24227AEA0008D9DA /* Sources */,
				EC5B116B24227AEA0008D9DA /* Frameworks */,
				EC5B116C24227AEA0008D9DA /* Resources */,
			);
			buildRules = (
			);
			dependencies = (
				EC5B117024227AEA0008D9DA /* PBXTargetDependency */,
			);
			name = HelloWorldUITests;
			productName = HelloWorldUITests;
			productReference = EC5B116E24227AEA0008D9DA /* HelloWorldUITests.xctest */;
			productType = "com.apple.product-type.bundle.ui-testing";
		};
/* End PBXNativeTarget section */

/* Begin PBXProject section */
		EC5B114524227AE70008D9DA /* Project object */ = {
			isa = PBXProject;
			attributes = {
				LastSwiftUpdateCheck = 1130;
				LastUpgradeCheck = 1130;
				ORGANIZATIONNAME = "冯旭超";
				TargetAttributes = {
					EC5B114C24227AE70008D9DA = {
						CreatedOnToolsVersion = 11.3.1;
					};
					EC5B116224227AEA0008D9DA = {
						CreatedOnToolsVersion = 11.3.1;
						TestTargetID = EC5B114C24227AE70008D9DA;
					};
					EC5B116D24227AEA0008D9DA = {
						CreatedOnToolsVersion = 11.3.1;
						TestTargetID = EC5B114C24227AE70008D9DA;
					};
				};
			};
			buildConfigurationList = EC5B114824227AE70008D9DA /* Build configuration list for PBXProject "HelloWorld" */;
			compatibilityVersion = "Xcode 9.3";
			developmentRegion = en;
			hasScannedForEncodings = 0;
			knownRegions = (
				en,
				Base,
			);
			mainGroup = EC5B114424227AE70008D9DA;
			productRefGroup = EC5B114E24227AE70008D9DA /* Products */;
			projectDirPath = "";
			projectRoot = "";
			targets = (
				EC5B114C24227AE70008D9DA /* HelloWorld */,
				EC5B116224227AEA0008D9DA /* HelloWorldTests */,
				EC5B116D24227AEA0008D9DA /* HelloWorldUITests */,
			);
		};
/* End PBXProject section */

/* Begin PBXResourcesBuildPhase section */
		EC5B114B24227AE70008D9DA /* Resources */ = {
			isa = PBXResourcesBuildPhase;
			buildActionMask = 2147483647;
			files = (
				EC5B115D24227AEA0008D9DA /* LaunchScreen.storyboard in Resources */,
				EC5B115A24227AEA0008D9DA /* Preview Assets.xcassets in Resources */,
				EC5B115724227AEA0008D9DA /* Assets.xcassets in Resources */,
			);
			runOnlyForDeploymentPostprocessing = 0;
		};
		EC5B116124227AEA0008D9DA /* Resources */ = {
			isa = PBXResourcesBuildPhase;
			buildActionMask = 2147483647;
			files = (
			);
			runOnlyForDeploymentPostprocessing = 0;
		};
		EC5B116C24227AEA0008D9DA /* Resources */ = {
			isa = PBXResourcesBuildPhase;
			buildActionMask = 2147483647;
			files = (
			);
			runOnlyForDeploymentPostprocessing = 0;
		};
/* End PBXResourcesBuildPhase section */

/* Begin PBXSourcesBuildPhase section */
		EC5B114924227AE70008D9DA /* Sources */ = {
			isa = PBXSourcesBuildPhase;
			buildActionMask = 2147483647;
			files = (
				EC5B115124227AE70008D9DA /* AppDelegate.swift in Sources */,
				EC5B115324227AE70008D9DA /* SceneDelegate.swift in Sources */,
				EC238279242282A4005749F9 /* CalculatorButtonItem.swift in Sources */,
				EC5B115524227AE70008D9DA /* ContentView.swift in Sources */,
			);
			runOnlyForDeploymentPostprocessing = 0;
		};
		EC5B115F24227AEA0008D9DA /* Sources */ = {
			isa = PBXSourcesBuildPhase;
			buildActionMask = 2147483647;
			files = (
				EC5B116824227AEA0008D9DA /* HelloWorldTests.swift in Sources */,
			);
			runOnlyForDeploymentPostprocessing = 0;
		};
		EC5B116A24227AEA0008D9DA /* Sources */ = {
			isa = PBXSourcesBuildPhase;
			buildActionMask = 2147483647;
			files = (
				EC5B117324227AEA0008D9DA /* HelloWorldUITests.swift in Sources */,
			);
			runOnlyForDeploymentPostprocessing = 0;
		};
/* End PBXSourcesBuildPhase section */

/* Begin PBXTargetDependency section */
		EC5B116524227AEA0008D9DA /* PBXTargetDependency */ = {
			isa = PBXTargetDependency;
			target = EC5B114C24227AE70008D9DA /* HelloWorld */;
			targetProxy = EC5B116424227AEA0008D9DA /* PBXContainerItemProxy */;
		};
		EC5B117024227AEA0008D9DA /* PBXTargetDependency */ = {
			isa = PBXTargetDependency;
			target = EC5B114C24227AE70008D9DA /* HelloWorld */;
			targetProxy = EC5B116F24227AEA0008D9DA /* PBXContainerItemProxy */;
		};
/* End PBXTargetDependency section */

/* Begin PBXVariantGroup section */
		EC5B115B24227AEA0008D9DA /* LaunchScreen.storyboard */ = {
			isa = PBXVariantGroup;
			children = (
				EC5B115C24227AEA0008D9DA /* Base */,
			);
			name = LaunchScreen.storyboard;
			sourceTree = "<group>";
		};
/* End PBXVariantGroup section */

/* Begin XCBuildConfiguration section */
		EC5B117524227AEA0008D9DA /* Debug */ = {
			isa = XCBuildConfiguration;
			buildSettings = {
				ALWAYS_SEARCH_USER_PATHS = NO;
				CLANG_ANALYZER_NONNULL = YES;
				CLANG_ANALYZER_NUMBER_OBJECT_CONVERSION = YES_AGGRESSIVE;
				CLANG_CXX_LANGUAGE_STANDARD = "gnu++14";
				CLANG_CXX_LIBRARY = "libc++";
				CLANG_ENABLE_MODULES = YES;
				CLANG_ENABLE_OBJC_ARC = YES;
				CLANG_ENABLE_OBJC_WEAK = YES;
				CLANG_WARN_BLOCK_CAPTURE_AUTORELEASING = YES;
				CLANG_WARN_BOOL_CONVERSION = YES;
				CLANG_WARN_COMMA = YES;
				CLANG_WARN_CONSTANT_CONVERSION = YES;
				CLANG_WARN_DEPRECATED_OBJC_IMPLEMENTATIONS = YES;
				CLANG_WARN_DIRECT_OBJC_ISA_USAGE = YES_ERROR;
				CLANG_WARN_DOCUMENTATION_COMMENTS = YES;
				CLANG_WARN_EMPTY_BODY = YES;
				CLANG_WARN_ENUM_CONVERSION = YES;
				CLANG_WARN_INFINITE_RECURSION = YES;
				CLANG_WARN_INT_CONVERSION = YES;
				CLANG_WARN_NON_LITERAL_NULL_CONVERSION = YES;
				CLANG_WARN_OBJC_IMPLICIT_RETAIN_SELF = YES;
				CLANG_WARN_OBJC_LITERAL_CONVERSION = YES;
				CLANG_WARN_OBJC_ROOT_CLASS = YES_ERROR;
				CLANG_WARN_RANGE_LOOP_ANALYSIS = YES;
				CLANG_WARN_STRICT_PROTOTYPES = YES;
				CLANG_WARN_SUSPICIOUS_MOVE = YES;
				CLANG_WARN_UNGUARDED_AVAILABILITY = YES_AGGRESSIVE;
				CLANG_WARN_UNREACHABLE_CODE = YES;
				CLANG_WARN__DUPLICATE_METHOD_MATCH = YES;
				COPY_PHASE_STRIP = NO;
				DEBUG_INFORMATION_FORMAT = dwarf;
				ENABLE_STRICT_OBJC_MSGSEND = YES;
				ENABLE_TESTABILITY = YES;
				GCC_C_LANGUAGE_STANDARD = gnu11;
				GCC_DYNAMIC_NO_PIC = NO;
				GCC_NO_COMMON_BLOCKS = YES;
				GCC_OPTIMIZATION_LEVEL = 0;
				GCC_PREPROCESSOR_DEFINITIONS = (
					"DEBUG=1",
					"$(inherited)",
				);
				GCC_WARN_64_TO_32_BIT_CONVERSION = YES;
				GCC_WARN_ABOUT_RETURN_TYPE = YES_ERROR;
				GCC_WARN_UNDECLARED_SELECTOR = YES;
				GCC_WARN_UNINITIALIZED_AUTOS = YES_AGGRESSIVE;
				GCC_WARN_UNUSED_FUNCTION = YES;
				GCC_WARN_UNUSED_VARIABLE = YES;
				IPHONEOS_DEPLOYMENT_TARGET = 13.2;
				MTL_ENABLE_DEBUG_INFO = INCLUDE_SOURCE;
				MTL_FAST_MATH = YES;
				ONLY_ACTIVE_ARCH = YES;
				SDKROOT = iphoneos;
				SWIFT_ACTIVE_COMPILATION_CONDITIONS = DEBUG;
				SWIFT_OPTIMIZATION_LEVEL = "-Onone";
			};
			name = Debug;
		};
		EC5B117624227AEA0008D9DA /* Release */ = {
			isa = XCBuildConfiguration;
			buildSettings = {
				ALWAYS_SEARCH_USER_PATHS = NO;
				CLANG_ANALYZER_NONNULL = YES;
				CLANG_ANALYZER_NUMBER_OBJECT_CONVERSION = YES_AGGRESSIVE;
				CLANG_CXX_LANGUAGE_STANDARD = "gnu++14";
				CLANG_CXX_LIBRARY = "libc++";
				CLANG_ENABLE_MODULES = YES;
				CLANG_ENABLE_OBJC_ARC = YES;
				CLANG_ENABLE_OBJC_WEAK = YES;
				CLANG_WARN_BLOCK_CAPTURE_AUTORELEASING = YES;
				CLANG_WARN_BOOL_CONVERSION = YES;
				CLANG_WARN_COMMA = YES;
				CLANG_WARN_CONSTANT_CONVERSION = YES;
				CLANG_WARN_DEPRECATED_OBJC_IMPLEMENTATIONS = YES;
				CLANG_WARN_DIRECT_OBJC_ISA_USAGE = YES_ERROR;
				CLANG_WARN_DOCUMENTATION_COMMENTS = YES;
				CLANG_WARN_EMPTY_BODY = YES;
				CLANG_WARN_ENUM_CONVERSION = YES;
				CLANG_WARN_INFINITE_RECURSION = YES;
				CLANG_WARN_INT_CONVERSION = YES;
				CLANG_WARN_NON_LITERAL_NULL_CONVERSION = YES;
				CLANG_WARN_OBJC_IMPLICIT_RETAIN_SELF = YES;
				CLANG_WARN_OBJC_LITERAL_CONVERSION = YES;
				CLANG_WARN_OBJC_ROOT_CLASS = YES_ERROR;
				CLANG_WARN_RANGE_LOOP_ANALYSIS = YES;
				CLANG_WARN_STRICT_PROTOTYPES = YES;
				CLANG_WARN_SUSPICIOUS_MOVE = YES;
				CLANG_WARN_UNGUARDED_AVAILABILITY = YES_AGGRESSIVE;
				CLANG_WARN_UNREACHABLE_CODE = YES;
				CLANG_WARN__DUPLICATE_METHOD_MATCH = YES;
				COPY_PHASE_STRIP = NO;
				DEBUG_INFORMATION_FORMAT = "dwarf-with-dsym";
				ENABLE_NS_ASSERTIONS = NO;
				ENABLE_STRICT_OBJC_MSGSEND = YES;
				GCC_C_LANGUAGE_STANDARD = gnu11;
				GCC_NO_COMMON_BLOCKS = YES;
				GCC_WARN_64_TO_32_BIT_CONVERSION = YES;
				GCC_WARN_ABOUT_RETURN_TYPE = YES_ERROR;
				GCC_WARN_UNDECLARED_SELECTOR = YES;
				GCC_WARN_UNINITIALIZED_AUTOS = YES_AGGRESSIVE;
				GCC_WARN_UNUSED_FUNCTION = YES;
				GCC_WARN_UNUSED_VARIABLE = YES;
				IPHONEOS_DEPLOYMENT_TARGET = 13.2;
				MTL_ENABLE_DEBUG_INFO = NO;
				MTL_FAST_MATH = YES;
				SDKROOT = iphoneos;
				SWIFT_COMPILATION_MODE = wholemodule;
				SWIFT_OPTIMIZATION_LEVEL = "-O";
				VALIDATE_PRODUCT = YES;
			};
			name = Release;
		};
		EC5B117824227AEA0008D9DA /* Debug */ = {
			isa = XCBuildConfiguration;
			buildSettings = {
				ASSETCATALOG_COMPILER_APPICON_NAME = AppIcon;
				CODE_SIGN_STYLE = Automatic;
				DEVELOPMENT_ASSET_PATHS = "\"HelloWorld/Preview Content\"";
				DEVELOPMENT_TEAM = YY3SJGH3TH;
				ENABLE_PREVIEWS = YES;
				INFOPLIST_FILE = HelloWorld/Info.plist;
				LD_RUNPATH_SEARCH_PATHS = (
					"$(inherited)",
					"@executable_path/Frameworks",
				);
				PRODUCT_BUNDLE_IDENTIFIER = com.toner.HelloWorld;
				PRODUCT_NAME = "$(TARGET_NAME)";
				SWIFT_VERSION = 5.0;
				TARGETED_DEVICE_FAMILY = "1,2";
			};
			name = Debug;
		};
		EC5B117924227AEA0008D9DA /* Release */ = {
			isa = XCBuildConfiguration;
			buildSettings = {
				ASSETCATALOG_COMPILER_APPICON_NAME = AppIcon;
				CODE_SIGN_STYLE = Automatic;
				DEVELOPMENT_ASSET_PATHS = "\"HelloWorld/Preview Content\"";
				DEVELOPMENT_TEAM = YY3SJGH3TH;
				ENABLE_PREVIEWS = YES;
				INFOPLIST_FILE = HelloWorld/Info.plist;
				LD_RUNPATH_SEARCH_PATHS = (
					"$(inherited)",
					"@executable_path/Frameworks",
				);
				PRODUCT_BUNDLE_IDENTIFIER = com.toner.HelloWorld;
				PRODUCT_NAME = "$(TARGET_NAME)";
				SWIFT_VERSION = 5.0;
				TARGETED_DEVICE_FAMILY = "1,2";
			};
			name = Release;
		};
		EC5B117B24227AEA0008D9DA /* Debug */ = {
			isa = XCBuildConfiguration;
			buildSettings = {
				ALWAYS_EMBED_SWIFT_STANDARD_LIBRARIES = YES;
				BUNDLE_LOADER = "$(TEST_HOST)";
				CODE_SIGN_STYLE = Automatic;
				DEVELOPMENT_TEAM = YY3SJGH3TH;
				INFOPLIST_FILE = HelloWorldTests/Info.plist;
				IPHONEOS_DEPLOYMENT_TARGET = 13.2;
				LD_RUNPATH_SEARCH_PATHS = (
					"$(inherited)",
					"@executable_path/Frameworks",
					"@loader_path/Frameworks",
				);
				PRODUCT_BUNDLE_IDENTIFIER = com.toner.HelloWorldTests;
				PRODUCT_NAME = "$(TARGET_NAME)";
				SWIFT_VERSION = 5.0;
				TARGETED_DEVICE_FAMILY = "1,2";
				TEST_HOST = "$(BUILT_PRODUCTS_DIR)/HelloWorld.app/HelloWorld";
			};
			name = Debug;
		};
		EC5B117C24227AEA0008D9DA /* Release */ = {
			isa = XCBuildConfiguration;
			buildSettings = {
				ALWAYS_EMBED_SWIFT_STANDARD_LIBRARIES = YES;
				BUNDLE_LOADER = "$(TEST_HOST)";
				CODE_SIGN_STYLE = Automatic;
				DEVELOPMENT_TEAM = YY3SJGH3TH;
				INFOPLIST_FILE = HelloWorldTests/Info.plist;
				IPHONEOS_DEPLOYMENT_TARGET = 13.2;
				LD_RUNPATH_SEARCH_PATHS = (
					"$(inherited)",
					"@executable_path/Frameworks",
					"@loader_path/Frameworks",
				);
				PRODUCT_BUNDLE_IDENTIFIER = com.toner.HelloWorldTests;
				PRODUCT_NAME = "$(TARGET_NAME)";
				SWIFT_VERSION = 5.0;
				TARGETED_DEVICE_FAMILY = "1,2";
				TEST_HOST = "$(BUILT_PRODUCTS_DIR)/HelloWorld.app/HelloWorld";
			};
			name = Release;
		};
		EC5B117E24227AEA0008D9DA /* Debug */ = {
			isa = XCBuildConfiguration;
			buildSettings = {
				ALWAYS_EMBED_SWIFT_STANDARD_LIBRARIES = YES;
				CODE_SIGN_STYLE = Automatic;
				DEVELOPMENT_TEAM = YY3SJGH3TH;
				INFOPLIST_FILE = HelloWorldUITests/Info.plist;
				LD_RUNPATH_SEARCH_PATHS = (
					"$(inherited)",
					"@executable_path/Frameworks",
					"@loader_path/Frameworks",
				);
				PRODUCT_BUNDLE_IDENTIFIER = com.toner.HelloWorldUITests;
				PRODUCT_NAME = "$(TARGET_NAME)";
				SWIFT_VERSION = 5.0;
				TARGETED_DEVICE_FAMILY = "1,2";
				TEST_TARGET_NAME = HelloWorld;
			};
			name = Debug;
		};
		EC5B117F24227AEA0008D9DA /* Release */ = {
			isa = XCBuildConfiguration;
			buildSettings = {
				ALWAYS_EMBED_SWIFT_STANDARD_LIBRARIES = YES;
				CODE_SIGN_STYLE = Automatic;
				DEVELOPMENT_TEAM = YY3SJGH3TH;
				INFOPLIST_FILE = HelloWorldUITests/Info.plist;
				LD_RUNPATH_SEARCH_PATHS = (
					"$(inherited)",
					"@executable_path/Frameworks",
					"@loader_path/Frameworks",
				);
				PRODUCT_BUNDLE_IDENTIFIER = com.toner.HelloWorldUITests;
				PRODUCT_NAME = "$(TARGET_NAME)";
				SWIFT_VERSION = 5.0;
				TARGETED_DEVICE_FAMILY = "1,2";
				TEST_TARGET_NAME = HelloWorld;
			};
			name = Release;
		};
/* End XCBuildConfiguration section */

/* Begin XCConfigurationList section */
		EC5B114824227AE70008D9DA /* Build configuration list for PBXProject "HelloWorld" */ = {
			isa = XCConfigurationList;
			buildConfigurations = (
				EC5B117524227AEA0008D9DA /* Debug */,
				EC5B117624227AEA0008D9DA /* Release */,
			);
			defaultConfigurationIsVisible = 0;
			defaultConfigurationName = Release;
		};
		EC5B117724227AEA0008D9DA /* Build configuration list for PBXNativeTarget "HelloWorld" */ = {
			isa = XCConfigurationList;
			buildConfigurations = (
				EC5B117824227AEA0008D9DA /* Debug */,
				EC5B117924227AEA0008D9DA /* Release */,
			);
			defaultConfigurationIsVisible = 0;
			defaultConfigurationName = Release;
		};
		EC5B117A24227AEA0008D9DA /* Build configuration list for PBXNativeTarget "HelloWorldTests" */ = {
			isa = XCConfigurationList;
			buildConfigurations = (
				EC5B117B24227AEA0008D9DA /* Debug */,
				EC5B117C24227AEA0008D9DA /* Release */,
			);
			defaultConfigurationIsVisible = 0;
			defaultConfigurationName = Release;
		};
		EC5B117D24227AEA0008D9DA /* Build configuration list for PBXNativeTarget "HelloWorldUITests" */ = {
			isa = XCConfigurationList;
			buildConfigurations = (
				EC5B117E24227AEA0008D9DA /* Debug */,
				EC5B117F24227AEA0008D9DA /* Release */,
			);
			defaultConfigurationIsVisible = 0;
			defaultConfigurationName = Release;
		};
/* End XCConfigurationList section */
	};
	rootObject = EC5B114524227AE70008D9DA /* Project object */;
}
